
Microsoft Visual Studio Solution File, Format Version 12.00
# Visual Studio Version 17
VisualStudioVersion = 17.13.35507.96
MinimumVisualStudioVersion = 10.0.40219.1
Project("{FAE04EC0-301F-11D3-BF4B-00C04F79EFBC}") = "MainWindowProgram", "MainWindow\MainWindowProgram.csproj", "{664D562A-D74A-42EB-873C-536BE2EF5E35}"
EndProject
Project("{FAE04EC0-301F-11D3-BF4B-00C04F79EFBC}") = "Utilities", "Utilities\Utilities.csproj", "{EEA45B5A-078E-4C64-9FF5-510178DE2FEC}"
EndProject
Project("{FAE04EC0-301F-11D3-BF4B-00C04F79EFBC}") = "UI", "UI\UI.csproj", "{B04B9BF2-A722-49B1-85EF-938035C351B1}"
EndProject
Project("{FAE04EC0-301F-11D3-BF4B-00C04F79EFBC}") = "Mode", "Mode\Mode.csproj", "{80AED1BA-5417-4A1E-943E-E7AEAF9A11EE}"
EndProject
Project("{FAE04EC0-301F-11D3-BF4B-00C04F79EFBC}") = "NewCore", "NewCore\NewCore.csproj", "{67B15B16-B4F3-456C-9033-B4CF184C2CEC}"
EndProject
Project("{2150E333-8FDC-42A3-9474-1A3956D46DE8}") = "Тесты", "Тесты", "{7844D43D-AB15-4288-8912-881384C2858F}"
EndProject
Project("{FAE04EC0-301F-11D3-BF4B-00C04F79EFBC}") = "TestConsole", "TestConsole\TestConsole.csproj", "{3AC39CE3-3D43-4C90-A0DF-63853E4369A0}"
EndProject
Project("{FAE04EC0-301F-11D3-BF4B-00C04F79EFBC}") = "TestWPF", "TestWPF\TestWPF.csproj", "{E0C15A74-21EE-4477-9D81-1C2AF2238BBB}"
EndProject
Project("{2150E333-8FDC-42A3-9474-1A3956D46DE8}") = "Solution Items", "Solution Items", "{36D591C7-65C7-A0D1-1CBC-10CDE441BDC8}"
	ProjectSection(SolutionItems) = preProject
		.editorconfig = .editorconfig
	EndProjectSection
EndProject
Project("{FAE04EC0-301F-11D3-BF4B-00C04F79EFBC}") = "AppConfiguration", "AppConfiguration\AppConfiguration.csproj", "{C5D0C70E-4BAA-4B36-B32D-01FB12BC29AB}"
EndProject
Project("{FAE04EC0-301F-11D3-BF4B-00C04F79EFBC}") = "DataBaseConfiguration", "DataBaseConfigruration\DataBaseConfiguration.csproj", "{271DE9AE-EFFC-4B36-86E2-F70352ECB992}"
EndProject
Project("{FAE04EC0-301F-11D3-BF4B-00C04F79EFBC}") = "ConsoleUI", "ConsoleUI\ConsoleUI.csproj", "{449C0453-99B4-4E9A-8CC3-9935F814F870}"
EndProject
Project("{FAE04EC0-301F-11D3-BF4B-00C04F79EFBC}") = "ControlCommandAnalyser", "ControlCommandAnalyser\ControlCommandAnalyser.csproj", "{F49B175E-973E-4C8F-A602-00CC60B7E104}"
EndProject
Project("{FAE04EC0-301F-11D3-BF4B-00C04F79EFBC}") = "TestManyWindows", "TestManyWindows\TestManyWindows.csproj", "{61E67CB2-5372-4128-B9D7-35D459B1D940}"
EndProject
Project("{2150E333-8FDC-42A3-9474-1A3956D46DE8}") = "Элементы решения", "Элементы решения", "{754FC069-D67B-A9D7-50A1-8D1CA196D8F1}"
	ProjectSection(SolutionItems) = preProject
		Directory.Build.props = Directory.Build.props
		xresume.txt = xresume.txt
	EndProjectSection
EndProject
Project("{FAE04EC0-301F-11D3-BF4B-00C04F79EFBC}") = "ControlCommandExecutor", "ControlCommandExecutor\ControlCommandExecutor.csproj", "{B6B92F03-4789-4087-A239-C3486DC17BA7}"
EndProject
Project("{FAE04EC0-301F-11D3-BF4B-00C04F79EFBC}") = "Message", "Message\Message.csproj", "{2C6A71AB-CB30-444C-9F79-9F013BC46D5E}"
EndProject
Global
	GlobalSection(SolutionConfigurationPlatforms) = preSolution
		Debug|Any CPU = Debug|Any CPU
		Release|Any CPU = Release|Any CPU
	EndGlobalSection
	GlobalSection(ProjectConfigurationPlatforms) = postSolution
		{664D562A-D74A-42EB-873C-536BE2EF5E35}.Debug|Any CPU.ActiveCfg = Debug|Any CPU
		{664D562A-D74A-42EB-873C-536BE2EF5E35}.Debug|Any CPU.Build.0 = Debug|Any CPU
		{664D562A-D74A-42EB-873C-536BE2EF5E35}.Release|Any CPU.ActiveCfg = Release|Any CPU
		{664D562A-D74A-42EB-873C-536BE2EF5E35}.Release|Any CPU.Build.0 = Release|Any CPU
		{EEA45B5A-078E-4C64-9FF5-510178DE2FEC}.Debug|Any CPU.ActiveCfg = Debug|Any CPU
		{EEA45B5A-078E-4C64-9FF5-510178DE2FEC}.Debug|Any CPU.Build.0 = Debug|Any CPU
		{EEA45B5A-078E-4C64-9FF5-510178DE2FEC}.Release|Any CPU.ActiveCfg = Release|Any CPU
		{EEA45B5A-078E-4C64-9FF5-510178DE2FEC}.Release|Any CPU.Build.0 = Release|Any CPU
		{B04B9BF2-A722-49B1-85EF-938035C351B1}.Debug|Any CPU.ActiveCfg = Debug|Any CPU
		{B04B9BF2-A722-49B1-85EF-938035C351B1}.Debug|Any CPU.Build.0 = Debug|Any CPU
		{B04B9BF2-A722-49B1-85EF-938035C351B1}.Release|Any CPU.ActiveCfg = Release|Any CPU
		{B04B9BF2-A722-49B1-85EF-938035C351B1}.Release|Any CPU.Build.0 = Release|Any CPU
		{80AED1BA-5417-4A1E-943E-E7AEAF9A11EE}.Debug|Any CPU.ActiveCfg = Debug|Any CPU
		{80AED1BA-5417-4A1E-943E-E7AEAF9A11EE}.Debug|Any CPU.Build.0 = Debug|Any CPU
		{80AED1BA-5417-4A1E-943E-E7AEAF9A11EE}.Release|Any CPU.ActiveCfg = Release|Any CPU
		{80AED1BA-5417-4A1E-943E-E7AEAF9A11EE}.Release|Any CPU.Build.0 = Release|Any CPU
		{67B15B16-B4F3-456C-9033-B4CF184C2CEC}.Debug|Any CPU.ActiveCfg = Debug|Any CPU
		{67B15B16-B4F3-456C-9033-B4CF184C2CEC}.Debug|Any CPU.Build.0 = Debug|Any CPU
		{67B15B16-B4F3-456C-9033-B4CF184C2CEC}.Release|Any CPU.ActiveCfg = Release|Any CPU
		{67B15B16-B4F3-456C-9033-B4CF184C2CEC}.Release|Any CPU.Build.0 = Release|Any CPU
		{3AC39CE3-3D43-4C90-A0DF-63853E4369A0}.Debug|Any CPU.ActiveCfg = Debug|Any CPU
		{3AC39CE3-3D43-4C90-A0DF-63853E4369A0}.Debug|Any CPU.Build.0 = Debug|Any CPU
		{3AC39CE3-3D43-4C90-A0DF-63853E4369A0}.Release|Any CPU.ActiveCfg = Release|Any CPU
		{3AC39CE3-3D43-4C90-A0DF-63853E4369A0}.Release|Any CPU.Build.0 = Release|Any CPU
		{E0C15A74-21EE-4477-9D81-1C2AF2238BBB}.Debug|Any CPU.ActiveCfg = Debug|Any CPU
		{E0C15A74-21EE-4477-9D81-1C2AF2238BBB}.Debug|Any CPU.Build.0 = Debug|Any CPU
		{E0C15A74-21EE-4477-9D81-1C2AF2238BBB}.Release|Any CPU.ActiveCfg = Release|Any CPU
		{E0C15A74-21EE-4477-9D81-1C2AF2238BBB}.Release|Any CPU.Build.0 = Release|Any CPU
		{C5D0C70E-4BAA-4B36-B32D-01FB12BC29AB}.Debug|Any CPU.ActiveCfg = Debug|Any CPU
		{C5D0C70E-4BAA-4B36-B32D-01FB12BC29AB}.Debug|Any CPU.Build.0 = Debug|Any CPU
		{C5D0C70E-4BAA-4B36-B32D-01FB12BC29AB}.Release|Any CPU.ActiveCfg = Release|Any CPU
		{C5D0C70E-4BAA-4B36-B32D-01FB12BC29AB}.Release|Any CPU.Build.0 = Release|Any CPU
		{271DE9AE-EFFC-4B36-86E2-F70352ECB992}.Debug|Any CPU.ActiveCfg = Debug|Any CPU
		{271DE9AE-EFFC-4B36-86E2-F70352ECB992}.Debug|Any CPU.Build.0 = Debug|Any CPU
		{271DE9AE-EFFC-4B36-86E2-F70352ECB992}.Release|Any CPU.ActiveCfg = Release|Any CPU
		{271DE9AE-EFFC-4B36-86E2-F70352ECB992}.Release|Any CPU.Build.0 = Release|Any CPU
		{449C0453-99B4-4E9A-8CC3-9935F814F870}.Debug|Any CPU.ActiveCfg = Debug|Any CPU
		{449C0453-99B4-4E9A-8CC3-9935F814F870}.Debug|Any CPU.Build.0 = Debug|Any CPU
		{449C0453-99B4-4E9A-8CC3-9935F814F870}.Release|Any CPU.ActiveCfg = Release|Any CPU
		{449C0453-99B4-4E9A-8CC3-9935F814F870}.Release|Any CPU.Build.0 = Release|Any CPU
		{F49B175E-973E-4C8F-A602-00CC60B7E104}.Debug|Any CPU.ActiveCfg = Debug|Any CPU
		{F49B175E-973E-4C8F-A602-00CC60B7E104}.Debug|Any CPU.Build.0 = Debug|Any CPU
		{F49B175E-973E-4C8F-A602-00CC60B7E104}.Release|Any CPU.ActiveCfg = Release|Any CPU
		{F49B175E-973E-4C8F-A602-00CC60B7E104}.Release|Any CPU.Build.0 = Release|Any CPU
		{61E67CB2-5372-4128-B9D7-35D459B1D940}.Debug|Any CPU.ActiveCfg = Debug|Any CPU
		{61E67CB2-5372-4128-B9D7-35D459B1D940}.Debug|Any CPU.Build.0 = Debug|Any CPU
		{61E67CB2-5372-4128-B9D7-35D459B1D940}.Release|Any CPU.ActiveCfg = Release|Any CPU
		{61E67CB2-5372-4128-B9D7-35D459B1D940}.Release|Any CPU.Build.0 = Release|Any CPU
		{B6B92F03-4789-4087-A239-C3486DC17BA7}.Debug|Any CPU.ActiveCfg = Debug|Any CPU
		{B6B92F03-4789-4087-A239-C3486DC17BA7}.Debug|Any CPU.Build.0 = Debug|Any CPU
		{B6B92F03-4789-4087-A239-C3486DC17BA7}.Release|Any CPU.ActiveCfg = Release|Any CPU
		{B6B92F03-4789-4087-A239-C3486DC17BA7}.Release|Any CPU.Build.0 = Release|Any CPU
		{2C6A71AB-CB30-444C-9F79-9F013BC46D5E}.Debug|Any CPU.ActiveCfg = Debug|Any CPU
		{2C6A71AB-CB30-444C-9F79-9F013BC46D5E}.Debug|Any CPU.Build.0 = Debug|Any CPU
		{2C6A71AB-CB30-444C-9F79-9F013BC46D5E}.Release|Any CPU.ActiveCfg = Release|Any CPU
		{2C6A71AB-CB30-444C-9F79-9F013BC46D5E}.Release|Any CPU.Build.0 = Release|Any CPU
	EndGlobalSection
	GlobalSection(SolutionProperties) = preSolution
		HideSolutionNode = FALSE
	EndGlobalSection
	GlobalSection(NestedProjects) = preSolution
		{3AC39CE3-3D43-4C90-A0DF-63853E4369A0} = {7844D43D-AB15-4288-8912-881384C2858F}
		{E0C15A74-21EE-4477-9D81-1C2AF2238BBB} = {7844D43D-AB15-4288-8912-881384C2858F}
		{61E67CB2-5372-4128-B9D7-35D459B1D940} = {7844D43D-AB15-4288-8912-881384C2858F}
	EndGlobalSection
	GlobalSection(ExtensibilityGlobals) = postSolution
		SolutionGuid = {1BD86333-977E-498D-85E7-5B4A296991F9}
	EndGlobalSection
EndGlobal
